
Microsoft Visual Studio Solution File, Format Version 12.00
Project("{FAE04EC0-301F-11D3-BF4B-00C04F79EFBC}") = "UltimateNet", "UltimateNet.csproj", "{631DAF55-F7D0-432A-A386-1D6FD043D2F4}"
EndProject
Project("{2150E333-8FDC-42A3-9474-1A3956D46DE8}") = "Solution Items", "Solution Items", "{65B3A138-C8A6-4B06-AF3A-F0015FA71921}"
	ProjectSection(SolutionItems) = preProject
		docker-compose.yml = docker-compose.yml
	EndProjectSection
EndProject
Global
	GlobalSection(SolutionConfigurationPlatforms) = preSolution
		Debug|Any CPU = Debug|Any CPU
		Release|Any CPU = Release|Any CPU
	EndGlobalSection
	GlobalSection(ProjectConfigurationPlatforms) = postSolution
		{631DAF55-F7D0-432A-A386-1D6FD043D2F4}.Debug|Any CPU.ActiveCfg = Debug|Any CPU
		{631DAF55-F7D0-432A-A386-1D6FD043D2F4}.Debug|Any CPU.Build.0 = Debug|Any CPU
		{631DAF55-F7D0-432A-A386-1D6FD043D2F4}.Release|Any CPU.ActiveCfg = Release|Any CPU
		{631DAF55-F7D0-432A-A386-1D6FD043D2F4}.Release|Any CPU.Build.0 = Release|Any CPU
	EndGlobalSection
EndGlobal
